
Microsoft Visual Studio Solution File, Format Version 12.00
# Visual Studio Version 17
VisualStudioVersion = 17.0.31903.59
MinimumVisualStudioVersion = 10.0.40219.1
Project("{9A19103F-16F7-4668-BE54-9A1E7A4F7556}") = "csharp-intermediary-challenges", "csharp-intermediary-challenges\csharp-intermediary-challenges.csproj", "{56F6DF46-572F-4988-A269-79DC06218B2A}"
EndProject
Project("{9A19103F-16F7-4668-BE54-9A1E7A4F7556}") = "native-methods", "native-methods\native-methods.csproj", "{751B1D5E-4EE6-48FB-BAB1-C558C69C256E}"
EndProject
Project("{9A19103F-16F7-4668-BE54-9A1E7A4F7556}") = "list-challenges", "list-challenges\list-challenges.csproj", "{58175BF7-E63C-44E9-B607-57EC9010325E}"
EndProject
Project("{FAE04EC0-301F-11D3-BF4B-00C04F79EFBC}") = "ChallengesTest", "ChallengesTest\ChallengesTest.csproj", "{7B10EC42-FD80-4C1B-88FF-C7D01F01E239}"
EndProject
Global
	GlobalSection(SolutionConfigurationPlatforms) = preSolution
		Debug|Any CPU = Debug|Any CPU
		Release|Any CPU = Release|Any CPU
	EndGlobalSection
	GlobalSection(ProjectConfigurationPlatforms) = postSolution
		{56F6DF46-572F-4988-A269-79DC06218B2A}.Debug|Any CPU.ActiveCfg = Debug|Any CPU
		{56F6DF46-572F-4988-A269-79DC06218B2A}.Debug|Any CPU.Build.0 = Debug|Any CPU
		{56F6DF46-572F-4988-A269-79DC06218B2A}.Release|Any CPU.ActiveCfg = Release|Any CPU
		{56F6DF46-572F-4988-A269-79DC06218B2A}.Release|Any CPU.Build.0 = Release|Any CPU
		{751B1D5E-4EE6-48FB-BAB1-C558C69C256E}.Debug|Any CPU.ActiveCfg = Debug|Any CPU
		{751B1D5E-4EE6-48FB-BAB1-C558C69C256E}.Debug|Any CPU.Build.0 = Debug|Any CPU
		{751B1D5E-4EE6-48FB-BAB1-C558C69C256E}.Release|Any CPU.ActiveCfg = Release|Any CPU
		{751B1D5E-4EE6-48FB-BAB1-C558C69C256E}.Release|Any CPU.Build.0 = Release|Any CPU
		{58175BF7-E63C-44E9-B607-57EC9010325E}.Debug|Any CPU.ActiveCfg = Debug|Any CPU
		{58175BF7-E63C-44E9-B607-57EC9010325E}.Debug|Any CPU.Build.0 = Debug|Any CPU
		{58175BF7-E63C-44E9-B607-57EC9010325E}.Release|Any CPU.ActiveCfg = Release|Any CPU
		{58175BF7-E63C-44E9-B607-57EC9010325E}.Release|Any CPU.Build.0 = Release|Any CPU
		{7B10EC42-FD80-4C1B-88FF-C7D01F01E239}.Debug|Any CPU.ActiveCfg = Debug|Any CPU
		{7B10EC42-FD80-4C1B-88FF-C7D01F01E239}.Debug|Any CPU.Build.0 = Debug|Any CPU
		{7B10EC42-FD80-4C1B-88FF-C7D01F01E239}.Release|Any CPU.ActiveCfg = Release|Any CPU
		{7B10EC42-FD80-4C1B-88FF-C7D01F01E239}.Release|Any CPU.Build.0 = Release|Any CPU
	EndGlobalSection
	GlobalSection(SolutionProperties) = preSolution
		HideSolutionNode = FALSE
	EndGlobalSection
	GlobalSection(ExtensibilityGlobals) = postSolution
		SolutionGuid = {94C20B16-57C6-4CE1-9894-1F05A196CD5A}
	EndGlobalSection
EndGlobal
